{
  "name": "ngacn",
  "version": "1.0.0",
  "lockfileVersion": 1,
  "requires": true,
  "dependencies": {
    "minapp-promise": {
      "version": "0.1.0",
      "resolved": "https://registry.npmjs.org/minapp-promise/-/minapp-promise-0.1.0.tgz",
      "integrity": "sha512-AyCEZkifBAU7nOzZrvEm+UrgEAHrYc12yO0n8K8Q13AvMkQ5STUCQ9G8C9fxtpE2CzLEWkXvPKOyEmr3r0KXlw=="
    },
    "wux-weapp": {
      "version": "3.8.8",
      "resolved": "https://registry.npmjs.org/wux-weapp/-/wux-weapp-3.8.8.tgz",
      "integrity": "sha512-11wgCSBQ6VM4kJnG7HI7QmSW++S1QTn8JBCkam3Ua9WIx/UcIMSLpIjkQ97oD5HsfjK34Mdy7sFjp+fHBSn0PA=="
    }
  }
}
